
Microsoft Visual Studio Solution File, Format Version 12.00
# Visual Studio Version 16
VisualStudioVersion = 16.0.30320.27
MinimumVisualStudioVersion = 15.0.26124.0
Project("{2150E333-8FDC-42A3-9474-1A3956D46DE8}") = "Core", "Core", "{56D530D8-7A2D-4A61-AA44-ED78C6A03CE8}"
EndProject
Project("{2150E333-8FDC-42A3-9474-1A3956D46DE8}") = "Utils", "Utils", "{1B40C10F-FEA2-48F9-80F9-E91EEC568AF2}"
EndProject
Project("{2150E333-8FDC-42A3-9474-1A3956D46DE8}") = "Admins", "Admins", "{E6409F7A-B29C-411A-B84E-CA7C1CA72053}"
EndProject
Project("{2150E333-8FDC-42A3-9474-1A3956D46DE8}") = "Sandbox", "Sandbox", "{8B9DDEC3-2B01-4F53-ADAB-092D833128AC}"
EndProject
Project("{9A19103F-16F7-4668-BE54-9A1E7A4F7556}") = "Revealyan.Sodist.Core", "Core\Revealyan.Sodist.Core\Revealyan.Sodist.Core.csproj", "{62E980F9-4DA3-403F-A585-E87F72B5F02D}"
EndProject
Project("{9A19103F-16F7-4668-BE54-9A1E7A4F7556}") = "Revealyan.Sodist.Core.Configurations", "Core\Revealyan.Sodist.Core.Configurations\Revealyan.Sodist.Core.Configurations.csproj", "{03EE8343-4601-46A1-84DA-AE69E3AB4FC6}"
EndProject
Project("{9A19103F-16F7-4668-BE54-9A1E7A4F7556}") = "Revealyan.Sodist.Core.WebApp", "Core\Revealyan.Sodist.Core.WebApp\Revealyan.Sodist.Core.WebApp.csproj", "{DC7691DC-2E65-4C05-8F9B-5A73055CE70B}"
EndProject
Project("{9A19103F-16F7-4668-BE54-9A1E7A4F7556}") = "Revealyan.Sodist.Sandbox.ConsoleApp", "Sandbox\Revealyan.Sodist.Sandbox.ConsoleApp\Revealyan.Sodist.Sandbox.ConsoleApp.csproj", "{0B205B4B-4B56-431B-A0C6-86DEDBC4BA0E}"
EndProject
Project("{2150E333-8FDC-42A3-9474-1A3956D46DE8}") = "Servers", "Servers", "{87F9552B-9E81-4B4B-A9F9-EDFC88B2BFBB}"
EndProject
Project("{2150E333-8FDC-42A3-9474-1A3956D46DE8}") = "Commons", "Commons", "{F163D153-E260-46A6-9D1E-80E9A8CB7684}"
EndProject
Project("{2150E333-8FDC-42A3-9474-1A3956D46DE8}") = "Clients", "Clients", "{9EA6BA92-7BC4-4041-B3B0-774E0BE88327}"
EndProject
Project("{9A19103F-16F7-4668-BE54-9A1E7A4F7556}") = "Revealyan.Sodist.Admins.Servers.WebAPI", "Admins\Revealyan.Sodist.Admins.Servers.WebAPI\Revealyan.Sodist.Admins.Servers.WebAPI.csproj", "{487A39E1-A726-4B83-977C-2605A2F29B93}"
EndProject
Project("{9A19103F-16F7-4668-BE54-9A1E7A4F7556}") = "Revealyan.Sodist.Sandbox.GRPCService", "Sandbox\Revealyan.Sodist.Sandbox.GRPCService\Revealyan.Sodist.Sandbox.GRPCService.csproj", "{9AA7B38E-5A1E-40F3-A5D9-7E9A328F5899}"
EndProject
Project("{9A19103F-16F7-4668-BE54-9A1E7A4F7556}") = "Revealyan.Sodist.Sandbox.Library", "Sandbox\Revealyan.Sodist.Sandbox.Library\Revealyan.Sodist.Sandbox.Library.csproj", "{8C96A525-3BFE-4CC3-87FC-773E03E75134}"
EndProject
Project("{9A19103F-16F7-4668-BE54-9A1E7A4F7556}") = "Revealyan.Sodist.Sandbox.LibraryCore", "Sandbox\Revealyan.Sodist.Sandbox.LibraryCore\Revealyan.Sodist.Sandbox.LibraryCore.csproj", "{1CC0A5B8-1FF4-4004-8C0F-86821B3AB172}"
EndProject
Project("{9A19103F-16F7-4668-BE54-9A1E7A4F7556}") = "Revealyan.Sodist.Core.Extensions", "Core\Revealyan.Sodist.Core.Extensions\Revealyan.Sodist.Core.Extensions.csproj", "{43E2DF38-6C4F-41F0-9507-9DAAF0513E3B}"
EndProject
Project("{9A19103F-16F7-4668-BE54-9A1E7A4F7556}") = "Revealyan.Sodist.Core.WebApp.Configuration", "Core\Revealyan.Sodist.Core.WebApp.Configuration\Revealyan.Sodist.Core.WebApp.Configuration.csproj", "{DBCBE6B0-28F0-4A67-B097-FDFC5BB871CA}"
EndProject
Project("{2150E333-8FDC-42A3-9474-1A3956D46DE8}") = "Commons", "Commons", "{A3FEFEBD-DA99-406C-BA8A-1DE424626672}"
EndProject
Project("{FAE04EC0-301F-11D3-BF4B-00C04F79EFBC}") = "Revealyan.Sodist.Commons.Authentications.Interface", "Commons\Revealyan.Sodist.Commons.Authentications.Interface\Revealyan.Sodist.Commons.Authentications.Interface.csproj", "{B30DB573-5C17-4211-8235-9426605E6FA1}"
EndProject
Project("{2150E333-8FDC-42A3-9474-1A3956D46DE8}") = "Interfaces", "Interfaces", "{114980B7-2D06-4B6A-BFE8-2FA559AD7427}"
EndProject
Project("{FAE04EC0-301F-11D3-BF4B-00C04F79EFBC}") = "Revealyan.Sodist.Commons.Authorizations.Interface", "Commons\Revealyan.Sodist.Commons.Authorizations.Interface\Revealyan.Sodist.Commons.Authorizations.Interface.csproj", "{18090980-78FF-400C-A29C-F64F008DD3DB}"
EndProject
Global
	GlobalSection(SolutionConfigurationPlatforms) = preSolution
		Debug|Any CPU = Debug|Any CPU
		Debug|x64 = Debug|x64
		Debug|x86 = Debug|x86
		Release|Any CPU = Release|Any CPU
		Release|x64 = Release|x64
		Release|x86 = Release|x86
	EndGlobalSection
	GlobalSection(ProjectConfigurationPlatforms) = postSolution
		{62E980F9-4DA3-403F-A585-E87F72B5F02D}.Debug|Any CPU.ActiveCfg = Debug|Any CPU
		{62E980F9-4DA3-403F-A585-E87F72B5F02D}.Debug|Any CPU.Build.0 = Debug|Any CPU
		{62E980F9-4DA3-403F-A585-E87F72B5F02D}.Debug|x64.ActiveCfg = Debug|Any CPU
		{62E980F9-4DA3-403F-A585-E87F72B5F02D}.Debug|x64.Build.0 = Debug|Any CPU
		{62E980F9-4DA3-403F-A585-E87F72B5F02D}.Debug|x86.ActiveCfg = Debug|Any CPU
		{62E980F9-4DA3-403F-A585-E87F72B5F02D}.Debug|x86.Build.0 = Debug|Any CPU
		{62E980F9-4DA3-403F-A585-E87F72B5F02D}.Release|Any CPU.ActiveCfg = Release|Any CPU
		{62E980F9-4DA3-403F-A585-E87F72B5F02D}.Release|Any CPU.Build.0 = Release|Any CPU
		{62E980F9-4DA3-403F-A585-E87F72B5F02D}.Release|x64.ActiveCfg = Release|Any CPU
		{62E980F9-4DA3-403F-A585-E87F72B5F02D}.Release|x64.Build.0 = Release|Any CPU
		{62E980F9-4DA3-403F-A585-E87F72B5F02D}.Release|x86.ActiveCfg = Release|Any CPU
		{62E980F9-4DA3-403F-A585-E87F72B5F02D}.Release|x86.Build.0 = Release|Any CPU
		{03EE8343-4601-46A1-84DA-AE69E3AB4FC6}.Debug|Any CPU.ActiveCfg = Debug|Any CPU
		{03EE8343-4601-46A1-84DA-AE69E3AB4FC6}.Debug|Any CPU.Build.0 = Debug|Any CPU
		{03EE8343-4601-46A1-84DA-AE69E3AB4FC6}.Debug|x64.ActiveCfg = Debug|Any CPU
		{03EE8343-4601-46A1-84DA-AE69E3AB4FC6}.Debug|x64.Build.0 = Debug|Any CPU
		{03EE8343-4601-46A1-84DA-AE69E3AB4FC6}.Debug|x86.ActiveCfg = Debug|Any CPU
		{03EE8343-4601-46A1-84DA-AE69E3AB4FC6}.Debug|x86.Build.0 = Debug|Any CPU
		{03EE8343-4601-46A1-84DA-AE69E3AB4FC6}.Release|Any CPU.ActiveCfg = Release|Any CPU
		{03EE8343-4601-46A1-84DA-AE69E3AB4FC6}.Release|Any CPU.Build.0 = Release|Any CPU
		{03EE8343-4601-46A1-84DA-AE69E3AB4FC6}.Release|x64.ActiveCfg = Release|Any CPU
		{03EE8343-4601-46A1-84DA-AE69E3AB4FC6}.Release|x64.Build.0 = Release|Any CPU
		{03EE8343-4601-46A1-84DA-AE69E3AB4FC6}.Release|x86.ActiveCfg = Release|Any CPU
		{03EE8343-4601-46A1-84DA-AE69E3AB4FC6}.Release|x86.Build.0 = Release|Any CPU
		{DC7691DC-2E65-4C05-8F9B-5A73055CE70B}.Debug|Any CPU.ActiveCfg = Debug|Any CPU
		{DC7691DC-2E65-4C05-8F9B-5A73055CE70B}.Debug|Any CPU.Build.0 = Debug|Any CPU
		{DC7691DC-2E65-4C05-8F9B-5A73055CE70B}.Debug|x64.ActiveCfg = Debug|Any CPU
		{DC7691DC-2E65-4C05-8F9B-5A73055CE70B}.Debug|x64.Build.0 = Debug|Any CPU
		{DC7691DC-2E65-4C05-8F9B-5A73055CE70B}.Debug|x86.ActiveCfg = Debug|Any CPU
		{DC7691DC-2E65-4C05-8F9B-5A73055CE70B}.Debug|x86.Build.0 = Debug|Any CPU
		{DC7691DC-2E65-4C05-8F9B-5A73055CE70B}.Release|Any CPU.ActiveCfg = Release|Any CPU
		{DC7691DC-2E65-4C05-8F9B-5A73055CE70B}.Release|Any CPU.Build.0 = Release|Any CPU
		{DC7691DC-2E65-4C05-8F9B-5A73055CE70B}.Release|x64.ActiveCfg = Release|Any CPU
		{DC7691DC-2E65-4C05-8F9B-5A73055CE70B}.Release|x64.Build.0 = Release|Any CPU
		{DC7691DC-2E65-4C05-8F9B-5A73055CE70B}.Release|x86.ActiveCfg = Release|Any CPU
		{DC7691DC-2E65-4C05-8F9B-5A73055CE70B}.Release|x86.Build.0 = Release|Any CPU
		{0B205B4B-4B56-431B-A0C6-86DEDBC4BA0E}.Debug|Any CPU.ActiveCfg = Debug|Any CPU
		{0B205B4B-4B56-431B-A0C6-86DEDBC4BA0E}.Debug|Any CPU.Build.0 = Debug|Any CPU
		{0B205B4B-4B56-431B-A0C6-86DEDBC4BA0E}.Debug|x64.ActiveCfg = Debug|Any CPU
		{0B205B4B-4B56-431B-A0C6-86DEDBC4BA0E}.Debug|x64.Build.0 = Debug|Any CPU
		{0B205B4B-4B56-431B-A0C6-86DEDBC4BA0E}.Debug|x86.ActiveCfg = Debug|Any CPU
		{0B205B4B-4B56-431B-A0C6-86DEDBC4BA0E}.Debug|x86.Build.0 = Debug|Any CPU
		{0B205B4B-4B56-431B-A0C6-86DEDBC4BA0E}.Release|Any CPU.ActiveCfg = Release|Any CPU
		{0B205B4B-4B56-431B-A0C6-86DEDBC4BA0E}.Release|Any CPU.Build.0 = Release|Any CPU
		{0B205B4B-4B56-431B-A0C6-86DEDBC4BA0E}.Release|x64.ActiveCfg = Release|Any CPU
		{0B205B4B-4B56-431B-A0C6-86DEDBC4BA0E}.Release|x64.Build.0 = Release|Any CPU
		{0B205B4B-4B56-431B-A0C6-86DEDBC4BA0E}.Release|x86.ActiveCfg = Release|Any CPU
		{0B205B4B-4B56-431B-A0C6-86DEDBC4BA0E}.Release|x86.Build.0 = Release|Any CPU
		{487A39E1-A726-4B83-977C-2605A2F29B93}.Debug|Any CPU.ActiveCfg = Debug|Any CPU
		{487A39E1-A726-4B83-977C-2605A2F29B93}.Debug|Any CPU.Build.0 = Debug|Any CPU
		{487A39E1-A726-4B83-977C-2605A2F29B93}.Debug|x64.ActiveCfg = Debug|Any CPU
		{487A39E1-A726-4B83-977C-2605A2F29B93}.Debug|x64.Build.0 = Debug|Any CPU
		{487A39E1-A726-4B83-977C-2605A2F29B93}.Debug|x86.ActiveCfg = Debug|Any CPU
		{487A39E1-A726-4B83-977C-2605A2F29B93}.Debug|x86.Build.0 = Debug|Any CPU
		{487A39E1-A726-4B83-977C-2605A2F29B93}.Release|Any CPU.ActiveCfg = Release|Any CPU
		{487A39E1-A726-4B83-977C-2605A2F29B93}.Release|Any CPU.Build.0 = Release|Any CPU
		{487A39E1-A726-4B83-977C-2605A2F29B93}.Release|x64.ActiveCfg = Release|Any CPU
		{487A39E1-A726-4B83-977C-2605A2F29B93}.Release|x64.Build.0 = Release|Any CPU
		{487A39E1-A726-4B83-977C-2605A2F29B93}.Release|x86.ActiveCfg = Release|Any CPU
		{487A39E1-A726-4B83-977C-2605A2F29B93}.Release|x86.Build.0 = Release|Any CPU
		{9AA7B38E-5A1E-40F3-A5D9-7E9A328F5899}.Debug|Any CPU.ActiveCfg = Debug|Any CPU
		{9AA7B38E-5A1E-40F3-A5D9-7E9A328F5899}.Debug|Any CPU.Build.0 = Debug|Any CPU
		{9AA7B38E-5A1E-40F3-A5D9-7E9A328F5899}.Debug|x64.ActiveCfg = Debug|Any CPU
		{9AA7B38E-5A1E-40F3-A5D9-7E9A328F5899}.Debug|x64.Build.0 = Debug|Any CPU
		{9AA7B38E-5A1E-40F3-A5D9-7E9A328F5899}.Debug|x86.ActiveCfg = Debug|Any CPU
		{9AA7B38E-5A1E-40F3-A5D9-7E9A328F5899}.Debug|x86.Build.0 = Debug|Any CPU
		{9AA7B38E-5A1E-40F3-A5D9-7E9A328F5899}.Release|Any CPU.ActiveCfg = Release|Any CPU
		{9AA7B38E-5A1E-40F3-A5D9-7E9A328F5899}.Release|Any CPU.Build.0 = Release|Any CPU
		{9AA7B38E-5A1E-40F3-A5D9-7E9A328F5899}.Release|x64.ActiveCfg = Release|Any CPU
		{9AA7B38E-5A1E-40F3-A5D9-7E9A328F5899}.Release|x64.Build.0 = Release|Any CPU
		{9AA7B38E-5A1E-40F3-A5D9-7E9A328F5899}.Release|x86.ActiveCfg = Release|Any CPU
		{9AA7B38E-5A1E-40F3-A5D9-7E9A328F5899}.Release|x86.Build.0 = Release|Any CPU
		{8C96A525-3BFE-4CC3-87FC-773E03E75134}.Debug|Any CPU.ActiveCfg = Debug|Any CPU
		{8C96A525-3BFE-4CC3-87FC-773E03E75134}.Debug|Any CPU.Build.0 = Debug|Any CPU
		{8C96A525-3BFE-4CC3-87FC-773E03E75134}.Debug|x64.ActiveCfg = Debug|Any CPU
		{8C96A525-3BFE-4CC3-87FC-773E03E75134}.Debug|x64.Build.0 = Debug|Any CPU
		{8C96A525-3BFE-4CC3-87FC-773E03E75134}.Debug|x86.ActiveCfg = Debug|Any CPU
		{8C96A525-3BFE-4CC3-87FC-773E03E75134}.Debug|x86.Build.0 = Debug|Any CPU
		{8C96A525-3BFE-4CC3-87FC-773E03E75134}.Release|Any CPU.ActiveCfg = Release|Any CPU
		{8C96A525-3BFE-4CC3-87FC-773E03E75134}.Release|Any CPU.Build.0 = Release|Any CPU
		{8C96A525-3BFE-4CC3-87FC-773E03E75134}.Release|x64.ActiveCfg = Release|Any CPU
		{8C96A525-3BFE-4CC3-87FC-773E03E75134}.Release|x64.Build.0 = Release|Any CPU
		{8C96A525-3BFE-4CC3-87FC-773E03E75134}.Release|x86.ActiveCfg = Release|Any CPU
		{8C96A525-3BFE-4CC3-87FC-773E03E75134}.Release|x86.Build.0 = Release|Any CPU
		{1CC0A5B8-1FF4-4004-8C0F-86821B3AB172}.Debug|Any CPU.ActiveCfg = Debug|Any CPU
		{1CC0A5B8-1FF4-4004-8C0F-86821B3AB172}.Debug|Any CPU.Build.0 = Debug|Any CPU
		{1CC0A5B8-1FF4-4004-8C0F-86821B3AB172}.Debug|x64.ActiveCfg = Debug|Any CPU
		{1CC0A5B8-1FF4-4004-8C0F-86821B3AB172}.Debug|x64.Build.0 = Debug|Any CPU
		{1CC0A5B8-1FF4-4004-8C0F-86821B3AB172}.Debug|x86.ActiveCfg = Debug|Any CPU
		{1CC0A5B8-1FF4-4004-8C0F-86821B3AB172}.Debug|x86.Build.0 = Debug|Any CPU
		{1CC0A5B8-1FF4-4004-8C0F-86821B3AB172}.Release|Any CPU.ActiveCfg = Release|Any CPU
		{1CC0A5B8-1FF4-4004-8C0F-86821B3AB172}.Release|Any CPU.Build.0 = Release|Any CPU
		{1CC0A5B8-1FF4-4004-8C0F-86821B3AB172}.Release|x64.ActiveCfg = Release|Any CPU
		{1CC0A5B8-1FF4-4004-8C0F-86821B3AB172}.Release|x64.Build.0 = Release|Any CPU
		{1CC0A5B8-1FF4-4004-8C0F-86821B3AB172}.Release|x86.ActiveCfg = Release|Any CPU
		{1CC0A5B8-1FF4-4004-8C0F-86821B3AB172}.Release|x86.Build.0 = Release|Any CPU
		{43E2DF38-6C4F-41F0-9507-9DAAF0513E3B}.Debug|Any CPU.ActiveCfg = Debug|Any CPU
		{43E2DF38-6C4F-41F0-9507-9DAAF0513E3B}.Debug|Any CPU.Build.0 = Debug|Any CPU
		{43E2DF38-6C4F-41F0-9507-9DAAF0513E3B}.Debug|x64.ActiveCfg = Debug|Any CPU
		{43E2DF38-6C4F-41F0-9507-9DAAF0513E3B}.Debug|x64.Build.0 = Debug|Any CPU
		{43E2DF38-6C4F-41F0-9507-9DAAF0513E3B}.Debug|x86.ActiveCfg = Debug|Any CPU
		{43E2DF38-6C4F-41F0-9507-9DAAF0513E3B}.Debug|x86.Build.0 = Debug|Any CPU
		{43E2DF38-6C4F-41F0-9507-9DAAF0513E3B}.Release|Any CPU.ActiveCfg = Release|Any CPU
		{43E2DF38-6C4F-41F0-9507-9DAAF0513E3B}.Release|Any CPU.Build.0 = Release|Any CPU
		{43E2DF38-6C4F-41F0-9507-9DAAF0513E3B}.Release|x64.ActiveCfg = Release|Any CPU
		{43E2DF38-6C4F-41F0-9507-9DAAF0513E3B}.Release|x64.Build.0 = Release|Any CPU
		{43E2DF38-6C4F-41F0-9507-9DAAF0513E3B}.Release|x86.ActiveCfg = Release|Any CPU
		{43E2DF38-6C4F-41F0-9507-9DAAF0513E3B}.Release|x86.Build.0 = Release|Any CPU
		{DBCBE6B0-28F0-4A67-B097-FDFC5BB871CA}.Debug|Any CPU.ActiveCfg = Debug|Any CPU
		{DBCBE6B0-28F0-4A67-B097-FDFC5BB871CA}.Debug|Any CPU.Build.0 = Debug|Any CPU
		{DBCBE6B0-28F0-4A67-B097-FDFC5BB871CA}.Debug|x64.ActiveCfg = Debug|Any CPU
		{DBCBE6B0-28F0-4A67-B097-FDFC5BB871CA}.Debug|x64.Build.0 = Debug|Any CPU
		{DBCBE6B0-28F0-4A67-B097-FDFC5BB871CA}.Debug|x86.ActiveCfg = Debug|Any CPU
		{DBCBE6B0-28F0-4A67-B097-FDFC5BB871CA}.Debug|x86.Build.0 = Debug|Any CPU
		{DBCBE6B0-28F0-4A67-B097-FDFC5BB871CA}.Release|Any CPU.ActiveCfg = Release|Any CPU
		{DBCBE6B0-28F0-4A67-B097-FDFC5BB871CA}.Release|Any CPU.Build.0 = Release|Any CPU
		{DBCBE6B0-28F0-4A67-B097-FDFC5BB871CA}.Release|x64.ActiveCfg = Release|Any CPU
		{DBCBE6B0-28F0-4A67-B097-FDFC5BB871CA}.Release|x64.Build.0 = Release|Any CPU
		{DBCBE6B0-28F0-4A67-B097-FDFC5BB871CA}.Release|x86.ActiveCfg = Release|Any CPU
		{DBCBE6B0-28F0-4A67-B097-FDFC5BB871CA}.Release|x86.Build.0 = Release|Any CPU
		{B30DB573-5C17-4211-8235-9426605E6FA1}.Debug|Any CPU.ActiveCfg = Debug|Any CPU
		{B30DB573-5C17-4211-8235-9426605E6FA1}.Debug|Any CPU.Build.0 = Debug|Any CPU
		{B30DB573-5C17-4211-8235-9426605E6FA1}.Debug|x64.ActiveCfg = Debug|Any CPU
		{B30DB573-5C17-4211-8235-9426605E6FA1}.Debug|x64.Build.0 = Debug|Any CPU
		{B30DB573-5C17-4211-8235-9426605E6FA1}.Debug|x86.ActiveCfg = Debug|Any CPU
		{B30DB573-5C17-4211-8235-9426605E6FA1}.Debug|x86.Build.0 = Debug|Any CPU
		{B30DB573-5C17-4211-8235-9426605E6FA1}.Release|Any CPU.ActiveCfg = Release|Any CPU
		{B30DB573-5C17-4211-8235-9426605E6FA1}.Release|Any CPU.Build.0 = Release|Any CPU
		{B30DB573-5C17-4211-8235-9426605E6FA1}.Release|x64.ActiveCfg = Release|Any CPU
		{B30DB573-5C17-4211-8235-9426605E6FA1}.Release|x64.Build.0 = Release|Any CPU
		{B30DB573-5C17-4211-8235-9426605E6FA1}.Release|x86.ActiveCfg = Release|Any CPU
		{B30DB573-5C17-4211-8235-9426605E6FA1}.Release|x86.Build.0 = Release|Any CPU
		{18090980-78FF-400C-A29C-F64F008DD3DB}.Debug|Any CPU.ActiveCfg = Debug|Any CPU
		{18090980-78FF-400C-A29C-F64F008DD3DB}.Debug|Any CPU.Build.0 = Debug|Any CPU
		{18090980-78FF-400C-A29C-F64F008DD3DB}.Debug|x64.ActiveCfg = Debug|Any CPU
		{18090980-78FF-400C-A29C-F64F008DD3DB}.Debug|x64.Build.0 = Debug|Any CPU
		{18090980-78FF-400C-A29C-F64F008DD3DB}.Debug|x86.ActiveCfg = Debug|Any CPU
		{18090980-78FF-400C-A29C-F64F008DD3DB}.Debug|x86.Build.0 = Debug|Any CPU
		{18090980-78FF-400C-A29C-F64F008DD3DB}.Release|Any CPU.ActiveCfg = Release|Any CPU
		{18090980-78FF-400C-A29C-F64F008DD3DB}.Release|Any CPU.Build.0 = Release|Any CPU
		{18090980-78FF-400C-A29C-F64F008DD3DB}.Release|x64.ActiveCfg = Release|Any CPU
		{18090980-78FF-400C-A29C-F64F008DD3DB}.Release|x64.Build.0 = Release|Any CPU
		{18090980-78FF-400C-A29C-F64F008DD3DB}.Release|x86.ActiveCfg = Release|Any CPU
		{18090980-78FF-400C-A29C-F64F008DD3DB}.Release|x86.Build.0 = Release|Any CPU
	EndGlobalSection
	GlobalSection(SolutionProperties) = preSolution
		HideSolutionNode = FALSE
	EndGlobalSection
	GlobalSection(NestedProjects) = preSolution
		{62E980F9-4DA3-403F-A585-E87F72B5F02D} = {56D530D8-7A2D-4A61-AA44-ED78C6A03CE8}
		{03EE8343-4601-46A1-84DA-AE69E3AB4FC6} = {56D530D8-7A2D-4A61-AA44-ED78C6A03CE8}
		{DC7691DC-2E65-4C05-8F9B-5A73055CE70B} = {56D530D8-7A2D-4A61-AA44-ED78C6A03CE8}
		{0B205B4B-4B56-431B-A0C6-86DEDBC4BA0E} = {8B9DDEC3-2B01-4F53-ADAB-092D833128AC}
		{87F9552B-9E81-4B4B-A9F9-EDFC88B2BFBB} = {E6409F7A-B29C-411A-B84E-CA7C1CA72053}
		{F163D153-E260-46A6-9D1E-80E9A8CB7684} = {E6409F7A-B29C-411A-B84E-CA7C1CA72053}
		{9EA6BA92-7BC4-4041-B3B0-774E0BE88327} = {E6409F7A-B29C-411A-B84E-CA7C1CA72053}
		{487A39E1-A726-4B83-977C-2605A2F29B93} = {87F9552B-9E81-4B4B-A9F9-EDFC88B2BFBB}
		{9AA7B38E-5A1E-40F3-A5D9-7E9A328F5899} = {8B9DDEC3-2B01-4F53-ADAB-092D833128AC}
		{8C96A525-3BFE-4CC3-87FC-773E03E75134} = {8B9DDEC3-2B01-4F53-ADAB-092D833128AC}
		{1CC0A5B8-1FF4-4004-8C0F-86821B3AB172} = {8B9DDEC3-2B01-4F53-ADAB-092D833128AC}
		{43E2DF38-6C4F-41F0-9507-9DAAF0513E3B} = {56D530D8-7A2D-4A61-AA44-ED78C6A03CE8}
		{DBCBE6B0-28F0-4A67-B097-FDFC5BB871CA} = {56D530D8-7A2D-4A61-AA44-ED78C6A03CE8}
		{B30DB573-5C17-4211-8235-9426605E6FA1} = {114980B7-2D06-4B6A-BFE8-2FA559AD7427}
		{114980B7-2D06-4B6A-BFE8-2FA559AD7427} = {A3FEFEBD-DA99-406C-BA8A-1DE424626672}
		{18090980-78FF-400C-A29C-F64F008DD3DB} = {114980B7-2D06-4B6A-BFE8-2FA559AD7427}
	EndGlobalSection
	GlobalSection(ExtensibilityGlobals) = postSolution
		SolutionGuid = {69D30169-0A85-403F-ADD8-A0BA876120B8}
	EndGlobalSection
EndGlobal
